// !$*UTF8*$!
{
	archiveVersion = 1;
	classes = {
	};
	objectVersion = 46;
	objects = {

/* Begin PBXBuildFile section */
		C3241C5A1E217F670074AFBB /* AppDelegate.swift in Sources */ = {isa = PBXBuildFile; fileRef = C3241C591E217F670074AFBB /* AppDelegate.swift */; };
		C3241C5C1E217F670074AFBB /* ViewController.swift in Sources */ = {isa = PBXBuildFile; fileRef = C3241C5B1E217F670074AFBB /* ViewController.swift */; };
		C3241C5E1E217F670074AFBB /* Assets.xcassets in Resources */ = {isa = PBXBuildFile; fileRef = C3241C5D1E217F670074AFBB /* Assets.xcassets */; };
		C3241C611E217F670074AFBB /* Main.storyboard in Resources */ = {isa = PBXBuildFile; fileRef = C3241C5F1E217F670074AFBB /* Main.storyboard */; };
		C3241C691E22A4940074AFBB /* IpXmlParser.swift in Sources */ = {isa = PBXBuildFile; fileRef = C3241C681E22A4940074AFBB /* IpXmlParser.swift */; };
		C3241C6B1E22A8580074AFBB /* WifiStatus.swift in Sources */ = {isa = PBXBuildFile; fileRef = C3241C6A1E22A8580074AFBB /* WifiStatus.swift */; };
/* End PBXBuildFile section */

/* Begin PBXFileReference section */
		C3241C561E217F670074AFBB /* KillSwitch.app */ = {isa = PBXFileReference; explicitFileType = wrapper.application; includeInIndex = 0; path = KillSwitch.app; sourceTree = BUILT_PRODUCTS_DIR; };
		C3241C591E217F670074AFBB /* AppDelegate.swift */ = {isa = PBXFileReference; lastKnownFileType = sourcecode.swift; path = AppDelegate.swift; sourceTree = "<group>"; };
		C3241C5B1E217F670074AFBB /* ViewController.swift */ = {isa = PBXFileReference; lastKnownFileType = sourcecode.swift; path = ViewController.swift; sourceTree = "<group>"; };
		C3241C5D1E217F670074AFBB /* Assets.xcassets */ = {isa = PBXFileReference; lastKnownFileType = folder.assetcatalog; path = Assets.xcassets; sourceTree = "<group>"; };
		C3241C601E217F670074AFBB /* Base */ = {isa = PBXFileReference; lastKnownFileType = file.storyboard; name = Base; path = Base.lproj/Main.storyboard; sourceTree = "<group>"; };
		C3241C621E217F670074AFBB /* Info.plist */ = {isa = PBXFileReference; lastKnownFileType = text.plist.xml; path = Info.plist; sourceTree = "<group>"; };
		C3241C681E22A4940074AFBB /* IpXmlParser.swift */ = {isa = PBXFileReference; fileEncoding = 4; lastKnownFileType = sourcecode.swift; path = IpXmlParser.swift; sourceTree = "<group>"; };
		C3241C6A1E22A8580074AFBB /* WifiStatus.swift */ = {isa = PBXFileReference; fileEncoding = 4; lastKnownFileType = sourcecode.swift; path = WifiStatus.swift; sourceTree = "<group>"; };
/* End PBXFileReference section */

/* Begin PBXFrameworksBuildPhase section */
		C3241C531E217F660074AFBB /* Frameworks */ = {
			isa = PBXFrameworksBuildPhase;
			buildActionMask = 2147483647;
			files = (
			);
			runOnlyForDeploymentPostprocessing = 0;
		};
/* End PBXFrameworksBuildPhase section */

/* Begin PBXGroup section */
		C3241C4D1E217F660074AFBB = {
			isa = PBXGroup;
			children = (
				C3241C581E217F670074AFBB /* KillSwitch */,
				C3241C571E217F670074AFBB /* Products */,
			);
			sourceTree = "<group>";
		};
		C3241C571E217F670074AFBB /* Products */ = {
			isa = PBXGroup;
			children = (
				C3241C561E217F670074AFBB /* KillSwitch.app */,
			);
			name = Products;
			sourceTree = "<group>";
		};
		C3241C581E217F670074AFBB /* KillSwitch */ = {
			isa = PBXGroup;
			children = (
				C3241C591E217F670074AFBB /* AppDelegate.swift */,
				C3241C5B1E217F670074AFBB /* ViewController.swift */,
				C3241C5D1E217F670074AFBB /* Assets.xcassets */,
				C3241C5F1E217F670074AFBB /* Main.storyboard */,
				C3241C621E217F670074AFBB /* Info.plist */,
				C3241C681E22A4940074AFBB /* IpXmlParser.swift */,
				C3241C6A1E22A8580074AFBB /* WifiStatus.swift */,
			);
			path = KillSwitch;
			sourceTree = "<group>";
		};
/* End PBXGroup section */

/* Begin PBXNativeTarget section */
		C3241C551E217F660074AFBB /* KillSwitch */ = {
			isa = PBXNativeTarget;
			buildConfigurationList = C3241C651E217F670074AFBB /* Build configuration list for PBXNativeTarget "KillSwitch" */;
			buildPhases = (
				C3241C521E217F660074AFBB /* Sources */,
				C3241C531E217F660074AFBB /* Frameworks */,
				C3241C541E217F660074AFBB /* Resources */,
			);
			buildRules = (
			);
			dependencies = (
			);
			name = KillSwitch;
			productName = KillSwitch;
			productReference = C3241C561E217F670074AFBB /* KillSwitch.app */;
			productType = "com.apple.product-type.application";
		};
/* End PBXNativeTarget section */

/* Begin PBXProject section */
		C3241C4E1E217F660074AFBB /* Project object */ = {
			isa = PBXProject;
			attributes = {
				LastSwiftUpdateCheck = 0810;
				LastUpgradeCheck = 0810;
				ORGANIZATIONNAME = "Emre Kurubas";
				TargetAttributes = {
					C3241C551E217F660074AFBB = {
						CreatedOnToolsVersion = 8.1;
						ProvisioningStyle = Automatic;
					};
				};
			};
			buildConfigurationList = C3241C511E217F660074AFBB /* Build configuration list for PBXProject "KillSwitch" */;
			compatibilityVersion = "Xcode 3.2";
			developmentRegion = English;
			hasScannedForEncodings = 0;
			knownRegions = (
				en,
				Base,
			);
			mainGroup = C3241C4D1E217F660074AFBB;
			productRefGroup = C3241C571E217F670074AFBB /* Products */;
			projectDirPath = "";
			projectRoot = "";
			targets = (
				C3241C551E217F660074AFBB /* KillSwitch */,
			);
		};
/* End PBXProject section */

/* Begin PBXResourcesBuildPhase section */
		C3241C541E217F660074AFBB /* Resources */ = {
			isa = PBXResourcesBuildPhase;
			buildActionMask = 2147483647;
			files = (
				C3241C5E1E217F670074AFBB /* Assets.xcassets in Resources */,
				C3241C611E217F670074AFBB /* Main.storyboard in Resources */,
			);
			runOnlyForDeploymentPostprocessing = 0;
		};
/* End PBXResourcesBuildPhase section */

/* Begin PBXSourcesBuildPhase section */
		C3241C521E217F660074AFBB /* Sources */ = {
			isa = PBXSourcesBuildPhase;
			buildActionMask = 2147483647;
			files = (
				C3241C691E22A4940074AFBB /* IpXmlParser.swift in Sources */,
				C3241C5C1E217F670074AFBB /* ViewController.swift in Sources */,
				C3241C6B1E22A8580074AFBB /* WifiStatus.swift in Sources */,
				C3241C5A1E217F670074AFBB /* AppDelegate.swift in Sources */,
			);
			runOnlyForDeploymentPostprocessing = 0;
		};
/* End PBXSourcesBuildPhase section */

/* Begin PBXVariantGroup section */
		C3241C5F1E217F670074AFBB /* Main.storyboard */ = {
			isa = PBXVariantGroup;
			children = (
				C3241C601E217F670074AFBB /* Base */,
			);
			name = Main.storyboard;
			sourceTree = "<group>";
		};
/* End PBXVariantGroup section */

/* Begin XCBuildConfiguration section */
		C3241C631E217F670074AFBB /* Debug */ = {
			isa = XCBuildConfiguration;
			buildSettings = {
				ALWAYS_SEARCH_USER_PATHS = NO;
				CLANG_ANALYZER_NONNULL = YES;
				CLANG_CXX_LANGUAGE_STANDARD = "gnu++0x";
				CLANG_CXX_LIBRARY = "libc++";
				CLANG_ENABLE_MODULES = YES;
				CLANG_ENABLE_OBJC_ARC = YES;
				CLANG_WARN_BOOL_CONVERSION = YES;
				CLANG_WARN_CONSTANT_CONVERSION = YES;
				CLANG_WARN_DIRECT_OBJC_ISA_USAGE = YES_ERROR;
				CLANG_WARN_DOCUMENTATION_COMMENTS = YES;
				CLANG_WARN_EMPTY_BODY = YES;
				CLANG_WARN_ENUM_CONVERSION = YES;
				CLANG_WARN_INFINITE_RECURSION = YES;
				CLANG_WARN_INT_CONVERSION = YES;
				CLANG_WARN_OBJC_ROOT_CLASS = YES_ERROR;
				CLANG_WARN_SUSPICIOUS_MOVES = YES;
				CLANG_WARN_UNREACHABLE_CODE = YES;
				CLANG_WARN__DUPLICATE_METHOD_MATCH = YES;
				CODE_SIGN_IDENTITY = "-";
				COPY_PHASE_STRIP = NO;
				DEBUG_INFORMATION_FORMAT = dwarf;
				ENABLE_STRICT_OBJC_MSGSEND = YES;
				ENABLE_TESTABILITY = YES;
				GCC_C_LANGUAGE_STANDARD = gnu99;
				GCC_DYNAMIC_NO_PIC = NO;
				GCC_NO_COMMON_BLOCKS = YES;
				GCC_OPTIMIZATION_LEVEL = 0;
				GCC_PREPROCESSOR_DEFINITIONS = (
					"DEBUG=1",
					"$(inherited)",
				);
				GCC_WARN_64_TO_32_BIT_CONVERSION = YES;
				GCC_WARN_ABOUT_RETURN_TYPE = YES_ERROR;
				GCC_WARN_UNDECLARED_SELECTOR = YES;
				GCC_WARN_UNINITIALIZED_AUTOS = YES_AGGRESSIVE;
				GCC_WARN_UNUSED_FUNCTION = YES;
				GCC_WARN_UNUSED_VARIABLE = YES;
				MACOSX_DEPLOYMENT_TARGET = 10.11;
				MTL_ENABLE_DEBUG_INFO = YES;
				ONLY_ACTIVE_ARCH = YES;
				SDKROOT = macosx;
				SWIFT_ACTIVE_COMPILATION_CONDITIONS = DEBUG;
				SWIFT_OPTIMIZATION_LEVEL = "-Onone";
			};
			name = Debug;
		};
		C3241C641E217F670074AFBB /* Release */ = {
			isa = XCBuildConfiguration;
			buildSettings = {
				ALWAYS_SEARCH_USER_PATHS = NO;
				CLANG_ANALYZER_NONNULL = YES;
				CLANG_CXX_LANGUAGE_STANDARD = "gnu++0x";
				CLANG_CXX_LIBRARY = "libc++";
				CLANG_ENABLE_MODULES = YES;
				CLANG_ENABLE_OBJC_ARC = YES;
				CLANG_WARN_BOOL_CONVERSION = YES;
				CLANG_WARN_CONSTANT_CONVERSION = YES;
				CLANG_WARN_DIRECT_OBJC_ISA_USAGE = YES_ERROR;
				CLANG_WARN_DOCUMENTATION_COMMENTS = YES;
				CLANG_WARN_EMPTY_BODY = YES;
				CLANG_WARN_ENUM_CONVERSION = YES;
				CLANG_WARN_INFINITE_RECURSION = YES;
				CLANG_WARN_INT_CONVERSION = YES;
				CLANG_WARN_OBJC_ROOT_CLASS = YES_ERROR;
				CLANG_WARN_SUSPICIOUS_MOVES = YES;
				CLANG_WARN_UNREACHABLE_CODE = YES;
				CLANG_WARN__DUPLICATE_METHOD_MATCH = YES;
				CODE_SIGN_IDENTITY = "-";
				COPY_PHASE_STRIP = NO;
				DEBUG_INFORMATION_FORMAT = "dwarf-with-dsym";
				ENABLE_NS_ASSERTIONS = NO;
				ENABLE_STRICT_OBJC_MSGSEND = YES;
				GCC_C_LANGUAGE_STANDARD = gnu99;
				GCC_NO_COMMON_BLOCKS = YES;
				GCC_WARN_64_TO_32_BIT_CONVERSION = YES;
				GCC_WARN_ABOUT_RETURN_TYPE = YES_ERROR;
				GCC_WARN_UNDECLARED_SELECTOR = YES;
				GCC_WARN_UNINITIALIZED_AUTOS = YES_AGGRESSIVE;
				GCC_WARN_UNUSED_FUNCTION = YES;
				GCC_WARN_UNUSED_VARIABLE = YES;
				MACOSX_DEPLOYMENT_TARGET = 10.11;
				MTL_ENABLE_DEBUG_INFO = NO;
				SDKROOT = macosx;
				SWIFT_OPTIMIZATION_LEVEL = "-Owholemodule";
			};
			name = Release;
		};
		C3241C661E217F670074AFBB /* Debug */ = {
			isa = XCBuildConfiguration;
			buildSettings = {
				ASSETCATALOG_COMPILER_APPICON_NAME = AppIcon;
				COMBINE_HIDPI_IMAGES = YES;
				INFOPLIST_FILE = KillSwitch/Info.plist;
				LD_RUNPATH_SEARCH_PATHS = "$(inherited) @executable_path/../Frameworks";
				PRODUCT_BUNDLE_IDENTIFIER = ingenious.KillSwitch;
				PRODUCT_NAME = "$(TARGET_NAME)";
				SWIFT_VERSION = 3.0;
			};
			name = Debug;
		};
		C3241C671E217F670074AFBB /* Release */ = {
			isa = XCBuildConfiguration;
			buildSettings = {
				ASSETCATALOG_COMPILER_APPICON_NAME = AppIcon;
				COMBINE_HIDPI_IMAGES = YES;
				INFOPLIST_FILE = KillSwitch/Info.plist;
				LD_RUNPATH_SEARCH_PATHS = "$(inherited) @executable_path/../Frameworks";
				PRODUCT_BUNDLE_IDENTIFIER = ingenious.KillSwitch;
				PRODUCT_NAME = "$(TARGET_NAME)";
				SWIFT_VERSION = 3.0;
			};
			name = Release;
		};
/* End XCBuildConfiguration section */

/* Begin XCConfigurationList section */
		C3241C511E217F660074AFBB /* Build configuration list for PBXProject "KillSwitch" */ = {
			isa = XCConfigurationList;
			buildConfigurations = (
				C3241C631E217F670074AFBB /* Debug */,
				C3241C641E217F670074AFBB /* Release */,
			);
			defaultConfigurationIsVisible = 0;
			defaultConfigurationName = Release;
		};
		C3241C651E217F670074AFBB /* Build configuration list for PBXNativeTarget "KillSwitch" */ = {
			isa = XCConfigurationList;
			buildConfigurations = (
				C3241C661E217F670074AFBB /* Debug */,
				C3241C671E217F670074AFBB /* Release */,
			);
			defaultConfigurationIsVisible = 0;
		};
/* End XCConfigurationList section */
	};
	rootObject = C3241C4E1E217F660074AFBB /* Project object */;
}
